
Microsoft Visual Studio Solution File, Format Version 12.00
# Visual Studio 2012
Project("{2150E333-8FDC-42A3-9474-1A3956D46DE8}") = "src", "src", "{6F305ABC-0EE1-4363-882F-0B7E115341BD}"
EndProject
Project("{FAE04EC0-301F-11D3-BF4B-00C04F79EFBC}") = "Tripsis.TrafficMapScotland.Web", "Tripsis.TrafficMapScotland.Web\Tripsis.TrafficMapScotland.Web.csproj", "{C67F3FD3-010E-4E96-8247-E32DD66156BC}"
EndProject
Project("{2150E333-8FDC-42A3-9474-1A3956D46DE8}") = "Presentation", "Presentation", "{575DB419-906E-407B-B01D-9DC310993DD5}"
EndProject
Project("{2150E333-8FDC-42A3-9474-1A3956D46DE8}") = "Business", "Business", "{C8185B4C-D2D6-4A76-BD70-9C842C9A9842}"
EndProject
Project("{FAE04EC0-301F-11D3-BF4B-00C04F79EFBC}") = "Tripsis.TrafficMapScotland.Routing", "Tripsis.TrafficMapScotland.Routing\Tripsis.TrafficMapScotland.Routing.csproj", "{A17730A2-1F73-4590-A318-89D7B754D997}"
EndProject
Global
	GlobalSection(SolutionConfigurationPlatforms) = preSolution
		Debug|Any CPU = Debug|Any CPU
		Release|Any CPU = Release|Any CPU
	EndGlobalSection
	GlobalSection(ProjectConfigurationPlatforms) = postSolution
		{C67F3FD3-010E-4E96-8247-E32DD66156BC}.Debug|Any CPU.ActiveCfg = Debug|Any CPU
		{C67F3FD3-010E-4E96-8247-E32DD66156BC}.Debug|Any CPU.Build.0 = Debug|Any CPU
		{C67F3FD3-010E-4E96-8247-E32DD66156BC}.Release|Any CPU.ActiveCfg = Release|Any CPU
		{C67F3FD3-010E-4E96-8247-E32DD66156BC}.Release|Any CPU.Build.0 = Release|Any CPU
		{A17730A2-1F73-4590-A318-89D7B754D997}.Debug|Any CPU.ActiveCfg = Debug|Any CPU
		{A17730A2-1F73-4590-A318-89D7B754D997}.Debug|Any CPU.Build.0 = Debug|Any CPU
		{A17730A2-1F73-4590-A318-89D7B754D997}.Release|Any CPU.ActiveCfg = Release|Any CPU
		{A17730A2-1F73-4590-A318-89D7B754D997}.Release|Any CPU.Build.0 = Release|Any CPU
	EndGlobalSection
	GlobalSection(SolutionProperties) = preSolution
		HideSolutionNode = FALSE
	EndGlobalSection
	GlobalSection(NestedProjects) = preSolution
		{575DB419-906E-407B-B01D-9DC310993DD5} = {6F305ABC-0EE1-4363-882F-0B7E115341BD}
		{C8185B4C-D2D6-4A76-BD70-9C842C9A9842} = {6F305ABC-0EE1-4363-882F-0B7E115341BD}
		{C67F3FD3-010E-4E96-8247-E32DD66156BC} = {575DB419-906E-407B-B01D-9DC310993DD5}
		{A17730A2-1F73-4590-A318-89D7B754D997} = {C8185B4C-D2D6-4A76-BD70-9C842C9A9842}
	EndGlobalSection
EndGlobal
